
Microsoft Visual Studio Solution File, Format Version 12.00
# Visual Studio 14
VisualStudioVersion = 14.0.25123.0
MinimumVisualStudioVersion = 10.0.40219.1
Project("{FAE04EC0-301F-11D3-BF4B-00C04F79EFBC}") = "paramore.contrib.ioc", "paramore.contrib.ioc.csproj", "{3380B34C-3B46-447C-A6BD-A978A894D9B3}"
EndProject
Project("{FAE04EC0-301F-11D3-BF4B-00C04F79EFBC}") = "paramore.contrib.restms.core", "Renegade\paramore.brighter.restms.core\paramore.contrib.restms.core.csproj", "{72E03A7F-A406-4364-9861-2A10A746AE3A}"
EndProject
Project("{FAE04EC0-301F-11D3-BF4B-00C04F79EFBC}") = "paramore.contrib.restms.server", "Renegade\paramore.brighter.restms.server\paramore.contrib.restms.server.csproj", "{0D2FBF93-0555-45EB-A92F-5A7C822F9AE0}"
EndProject
Project("{FAE04EC0-301F-11D3-BF4B-00C04F79EFBC}") = "paramore.contrib.restms.tests", "Renegade\paramore.renegade.tests\paramore.contrib.restms.tests.csproj", "{C5904A0F-4147-4183-B0C9-F8C921D66296}"
EndProject
Global
	GlobalSection(SolutionConfigurationPlatforms) = preSolution
		Debug|Any CPU = Debug|Any CPU
		Release|Any CPU = Release|Any CPU
	EndGlobalSection
	GlobalSection(ProjectConfigurationPlatforms) = postSolution
		{3380B34C-3B46-447C-A6BD-A978A894D9B3}.Debug|Any CPU.ActiveCfg = Debug|Any CPU
		{3380B34C-3B46-447C-A6BD-A978A894D9B3}.Debug|Any CPU.Build.0 = Debug|Any CPU
		{3380B34C-3B46-447C-A6BD-A978A894D9B3}.Release|Any CPU.ActiveCfg = Release|Any CPU
		{3380B34C-3B46-447C-A6BD-A978A894D9B3}.Release|Any CPU.Build.0 = Release|Any CPU
		{72E03A7F-A406-4364-9861-2A10A746AE3A}.Debug|Any CPU.ActiveCfg = Debug|Any CPU
		{72E03A7F-A406-4364-9861-2A10A746AE3A}.Debug|Any CPU.Build.0 = Debug|Any CPU
		{72E03A7F-A406-4364-9861-2A10A746AE3A}.Release|Any CPU.ActiveCfg = Release|Any CPU
		{72E03A7F-A406-4364-9861-2A10A746AE3A}.Release|Any CPU.Build.0 = Release|Any CPU
		{0D2FBF93-0555-45EB-A92F-5A7C822F9AE0}.Debug|Any CPU.ActiveCfg = Debug|Any CPU
		{0D2FBF93-0555-45EB-A92F-5A7C822F9AE0}.Debug|Any CPU.Build.0 = Debug|Any CPU
		{0D2FBF93-0555-45EB-A92F-5A7C822F9AE0}.Release|Any CPU.ActiveCfg = Release|Any CPU
		{0D2FBF93-0555-45EB-A92F-5A7C822F9AE0}.Release|Any CPU.Build.0 = Release|Any CPU
		{C5904A0F-4147-4183-B0C9-F8C921D66296}.Debug|Any CPU.ActiveCfg = Debug|Any CPU
		{C5904A0F-4147-4183-B0C9-F8C921D66296}.Debug|Any CPU.Build.0 = Debug|Any CPU
		{C5904A0F-4147-4183-B0C9-F8C921D66296}.Release|Any CPU.ActiveCfg = Release|Any CPU
		{C5904A0F-4147-4183-B0C9-F8C921D66296}.Release|Any CPU.Build.0 = Release|Any CPU
	EndGlobalSection
	GlobalSection(SolutionProperties) = preSolution
		HideSolutionNode = FALSE
	EndGlobalSection
EndGlobal
