
Microsoft Visual Studio Solution File, Format Version 12.00
# Visual Studio 2013
VisualStudioVersion = 12.0.0.0
MinimumVisualStudioVersion = 10.0.0.1
Project("{FAE04EC0-301F-11D3-BF4B-00C04F79EFBC}") = "GreetingsSender", "GreetingsSender\GreetingsSender.csproj", "{34B0F89F-A0DF-4AB9-861A-E2D0F3D50A50}"
EndProject
Project("{FAE04EC0-301F-11D3-BF4B-00C04F79EFBC}") = "GreetingsReceiver", "GreetingsReceiver\GreetingsReceiver.csproj", "{762C7A83-D284-49F0-82A7-76EA1E35CE5A}"
EndProject
Project("{FAE04EC0-301F-11D3-BF4B-00C04F79EFBC}") = "GreetingsCore", "GreetingsCore\GreetingsCore.csproj", "{C809D929-5E01-430D-9B3C-55BF984DCC82}"
EndProject
Global
	GlobalSection(SolutionConfigurationPlatforms) = preSolution
		Debug|Any CPU = Debug|Any CPU
		Release|Any CPU = Release|Any CPU
	EndGlobalSection
	GlobalSection(ProjectConfigurationPlatforms) = postSolution
		{34B0F89F-A0DF-4AB9-861A-E2D0F3D50A50}.Debug|Any CPU.ActiveCfg = Debug|Any CPU
		{34B0F89F-A0DF-4AB9-861A-E2D0F3D50A50}.Debug|Any CPU.Build.0 = Debug|Any CPU
		{34B0F89F-A0DF-4AB9-861A-E2D0F3D50A50}.Release|Any CPU.ActiveCfg = Release|Any CPU
		{34B0F89F-A0DF-4AB9-861A-E2D0F3D50A50}.Release|Any CPU.Build.0 = Release|Any CPU
		{762C7A83-D284-49F0-82A7-76EA1E35CE5A}.Debug|Any CPU.ActiveCfg = Debug|Any CPU
		{762C7A83-D284-49F0-82A7-76EA1E35CE5A}.Debug|Any CPU.Build.0 = Debug|Any CPU
		{762C7A83-D284-49F0-82A7-76EA1E35CE5A}.Release|Any CPU.ActiveCfg = Release|Any CPU
		{762C7A83-D284-49F0-82A7-76EA1E35CE5A}.Release|Any CPU.Build.0 = Release|Any CPU
		{C809D929-5E01-430D-9B3C-55BF984DCC82}.Debug|Any CPU.ActiveCfg = Debug|Any CPU
		{C809D929-5E01-430D-9B3C-55BF984DCC82}.Debug|Any CPU.Build.0 = Debug|Any CPU
		{C809D929-5E01-430D-9B3C-55BF984DCC82}.Release|Any CPU.ActiveCfg = Release|Any CPU
		{C809D929-5E01-430D-9B3C-55BF984DCC82}.Release|Any CPU.Build.0 = Release|Any CPU
	EndGlobalSection
	GlobalSection(SolutionProperties) = preSolution
		HideSolutionNode = FALSE
	EndGlobalSection
EndGlobal
